{
  "name": "gofio-tree",
  "version": "0.1.3",
  "lockfileVersion": 3,
  "requires": true,
  "packages": {
    "": {
      "name": "gofio-tree",
      "version": "0.1.3",
      "license": "ISC",
      "bin": {
        "gotree": "bin/gofio-tree.js",
        "gofiols": "bin/gofio-tree.js"
      },
      "engines": {
        "node": ">=18"
      }
    }
  }
}
